
Microsoft Visual Studio Solution File, Format Version 12.00
# Visual Studio Version 17
VisualStudioVersion = 17.14.37314.3 d17.14
MinimumVisualStudioVersion = 10.0.40219.1
Project("{FAE04EC0-301F-11D3-BF4B-00C04F79EFBC}") = "MarquezP4", "MarquezP4\MarquezP4.csproj", "{332D709D-B1CE-4E11-AE9F-B47A381157DF}"
EndProject
Global
	GlobalSection(SolutionConfigurationPlatforms) = preSolution
		Debug|Any CPU = Debug|Any CPU
		Release|Any CPU = Release|Any CPU
	EndGlobalSection
	GlobalSection(ProjectConfigurationPlatforms) = postSolution
		{332D709D-B1CE-4E11-AE9F-B47A381157DF}.Debug|Any CPU.ActiveCfg = Debug|Any CPU
		{332D709D-B1CE-4E11-AE9F-B47A381157DF}.Debug|Any CPU.Build.0 = Debug|Any CPU
		{332D709D-B1CE-4E11-AE9F-B47A381157DF}.Release|Any CPU.ActiveCfg = Release|Any CPU
		{332D709D-B1CE-4E11-AE9F-B47A381157DF}.Release|Any CPU.Build.0 = Release|Any CPU
	EndGlobalSection
	GlobalSection(SolutionProperties) = preSolution
		HideSolutionNode = FALSE
	EndGlobalSection
	GlobalSection(ExtensibilityGlobals) = postSolution
		SolutionGuid = {960D9C77-905F-4E36-BDDD-3276FB3C4780}
	EndGlobalSection
EndGlobal
